
Microsoft Visual Studio Solution File, Format Version 12.00
# Visual Studio Version 16
VisualStudioVersion = 16.0.30503.244
MinimumVisualStudioVersion = 10.0.40219.1
Project("{FAE04EC0-301F-11D3-BF4B-00C04F79EFBC}") = "PrimeraAplicacion", "PrimeraAplicacion\PrimeraAplicacion.csproj", "{567BB915-9F90-492D-A262-94226794113B}"
EndProject
Global
	GlobalSection(SolutionConfigurationPlatforms) = preSolution
		Debug|Any CPU = Debug|Any CPU
		Release|Any CPU = Release|Any CPU
	EndGlobalSection
	GlobalSection(ProjectConfigurationPlatforms) = postSolution
		{567BB915-9F90-492D-A262-94226794113B}.Debug|Any CPU.ActiveCfg = Debug|Any CPU
		{567BB915-9F90-492D-A262-94226794113B}.Debug|Any CPU.Build.0 = Debug|Any CPU
		{567BB915-9F90-492D-A262-94226794113B}.Release|Any CPU.ActiveCfg = Release|Any CPU
		{567BB915-9F90-492D-A262-94226794113B}.Release|Any CPU.Build.0 = Release|Any CPU
	EndGlobalSection
	GlobalSection(SolutionProperties) = preSolution
		HideSolutionNode = FALSE
	EndGlobalSection
	GlobalSection(ExtensibilityGlobals) = postSolution
		SolutionGuid = {4FC1D26E-1D27-40CC-9EFE-1F351F048F17}
	EndGlobalSection
EndGlobal
